
Microsoft Visual Studio Solution File, Format Version 12.00
# Visual Studio Version 16
VisualStudioVersion = 16.0.29709.97
MinimumVisualStudioVersion = 10.0.40219.1
Project("{9A19103F-16F7-4668-BE54-9A1E7A4F7556}") = "MvcAgenda", "MvcAgenda.csproj", "{1C953675-F7DB-4407-9CA0-C9D6F961717C}"
EndProject
Global
	GlobalSection(SolutionConfigurationPlatforms) = preSolution
		Debug|Any CPU = Debug|Any CPU
		Release|Any CPU = Release|Any CPU
	EndGlobalSection
	GlobalSection(ProjectConfigurationPlatforms) = postSolution
		{1C953675-F7DB-4407-9CA0-C9D6F961717C}.Debug|Any CPU.ActiveCfg = Debug|Any CPU
		{1C953675-F7DB-4407-9CA0-C9D6F961717C}.Debug|Any CPU.Build.0 = Debug|Any CPU
		{1C953675-F7DB-4407-9CA0-C9D6F961717C}.Release|Any CPU.ActiveCfg = Debug|Any CPU
		{1C953675-F7DB-4407-9CA0-C9D6F961717C}.Release|Any CPU.Build.0 = Debug|Any CPU
	EndGlobalSection
	GlobalSection(SolutionProperties) = preSolution
		HideSolutionNode = FALSE
	EndGlobalSection
	GlobalSection(ExtensibilityGlobals) = postSolution
		SolutionGuid = {32E686BC-D8F4-40D8-9937-D85F3D3436C9}
	EndGlobalSection
EndGlobal
